
Microsoft Visual Studio Solution File, Format Version 12.00
# Visual Studio Version 17
VisualStudioVersion = 17.2.32616.157
MinimumVisualStudioVersion = 10.0.40219.1
Project("{FAE04EC0-301F-11D3-BF4B-00C04F79EFBC}") = "Consultas", "Consultas\Consultas.csproj", "{944346BD-2AC9-4098-B09C-A6DBF071D44D}"
EndProject
Global
	GlobalSection(SolutionConfigurationPlatforms) = preSolution
		Debug|Any CPU = Debug|Any CPU
		Release|Any CPU = Release|Any CPU
	EndGlobalSection
	GlobalSection(ProjectConfigurationPlatforms) = postSolution
		{944346BD-2AC9-4098-B09C-A6DBF071D44D}.Debug|Any CPU.ActiveCfg = Debug|Any CPU
		{944346BD-2AC9-4098-B09C-A6DBF071D44D}.Debug|Any CPU.Build.0 = Debug|Any CPU
		{944346BD-2AC9-4098-B09C-A6DBF071D44D}.Release|Any CPU.ActiveCfg = Release|Any CPU
		{944346BD-2AC9-4098-B09C-A6DBF071D44D}.Release|Any CPU.Build.0 = Release|Any CPU
	EndGlobalSection
	GlobalSection(SolutionProperties) = preSolution
		HideSolutionNode = FALSE
	EndGlobalSection
	GlobalSection(ExtensibilityGlobals) = postSolution
		SolutionGuid = {89BAA24E-3A12-4677-ACD3-FE8C408BF5E8}
	EndGlobalSection
EndGlobal
